13737569417898460012
cista bec8bca4e6a38e38236a99ca4d4b767690fc01a1
zlib 1e1dfdedddb54a2e2cb8fec3b67f925233c495aa
boost 1c3f21c1fa8b149da89e2f6bcb48b28fff30fa5e
fmt edb385ac526c24bc917ec4a41bb0edb28f0ca59e
googletest 34a46558609e05865c197f0260ab36daa7cbbb6e
utl 8c61dcaa74a7f49695d58ce7aae9de7ecb566aa1
yaml-cpp 1d8ca1f35eb3a9c9142462b28282a848e5d29a91
